PODS:
  - AppAuth (1.7.5):
    - AppAuth/Core (= 1.7.5)
    - AppAuth/ExternalUserAgent (= 1.7.5)
  - AppAuth/Core (1.7.5)
  - AppAuth/ExternalUserAgent (1.7.5):
    - AppAuth/Core
  - FlutterMacOS (1.0.0)
  - google_sign_in_ios (0.0.1):
    - AppAuth (>= 1.7.4)
    - Flutter
    - FlutterMacOS
    - GoogleSignIn (~> 7.1)
    - GTMSessionFetcher (>= 3.4.0)
  - GoogleSignIn (7.1.0):
    - AppAuth (< 2.0, >= 1.7.3)
    - GTMAppAuth (< 5.0, >= 4.1.1)
    - GTMSessionFetcher/Core (~> 3.3)
  - GTMAppAuth (4.1.1):
    - AppAuth/Core (~> 1.7)
    - GTMSessionFetcher/Core (< 4.0, >= 3.3)
  - GTMSessionFetcher (3.5.0):
    - GTMSessionFetcher/Full (= 3.5.0)
  - GTMSessionFetcher/Core (3.5.0)
  - GTMSessionFetcher/Full (3.5.0):
    - GTMSessionFetcher/Core
  - path_provider_foundation (0.0.1):
    - Flutter
    - FlutterMacOS
  - video_player_avfoundation (0.0.1):
    - Flutter
    - FlutterMacOS

DEPENDENCIES:
  - FlutterMacOS (from `Flutter/ephemeral`)
  - google_sign_in_ios (from `Flutter/ephemeral/.symlinks/plugins/google_sign_in_ios/darwin`)
  - path_provider_foundation (from `Flutter/ephemeral/.symlinks/plugins/path_provider_foundation/darwin`)
  - video_player_avfoundation (from `Flutter/ephemeral/.symlinks/plugins/video_player_avfoundation/darwin`)

SPEC REPOS:
  trunk:
    - AppAuth
    - GoogleSignIn
    - GTMAppAuth
    - GTMSessionFetcher

EXTERNAL SOURCES:
  FlutterMacOS:
    :path: Flutter/ephemeral
  google_sign_in_ios:
    :path: Flutter/ephemeral/.symlinks/plugins/google_sign_in_ios/darwin
  path_provider_foundation:
    :path: Flutter/ephemeral/.symlinks/plugins/path_provider_foundation/darwin
  video_player_avfoundation:
    :path: Flutter/ephemeral/.symlinks/plugins/video_player_avfoundation/darwin

SPEC CHECKSUMS:
  AppAuth: 501c04eda8a8d11f179dbe8637b7a91bb7e5d2fa
  FlutterMacOS: 8f6f14fa908a6fb3fba0cd85dbd81ec4b251fb24
  google_sign_in_ios: 07375bfbf2620bc93a602c0e27160d6afc6ead38
  GoogleSignIn: d4281ab6cf21542b1cfaff85c191f230b399d2db
  GTMAppAuth: f69bd07d68cd3b766125f7e072c45d7340dea0de
  GTMSessionFetcher: 5aea5ba6bd522a239e236100971f10cb71b96ab6
  path_provider_foundation: 2b6b4c569c0fb62ec74538f866245ac84301af46
  video_player_avfoundation: 7c6c11d8470e1675df7397027218274b6d2360b3

PODFILE CHECKSUM: 9ebaf0ce3d369aaa26a9ea0e159195ed94724cf3

COCOAPODS: 1.14.3
